// !$*UTF8*$!
{
	archiveVersion = 1;
	classes = {
	};
	objectVersion = 46;
	objects = {

/* Begin PBXBuildFile section */
		83884D3E163F29E800CD785F /* dSFMTRand.h in Headers */ = {isa = PBXBuildFile; fileRef = 83884D3A163F29E800CD785F /* dSFMTRand.h */; };
		83884D3F163F29E800CD785F /* fecho.h in Headers */ = {isa = PBXBuildFile; fileRef = 83884D3B163F29E800CD785F /* fecho.h */; };
		83884D40163F29E800CD785F /* fechoActivations.h in Headers */ = {isa = PBXBuildFile; fileRef = 83884D3C163F29E800CD785F /* fechoActivations.h */; };
		83884D41163F29E800CD785F /* fechoMath.h in Headers */ = {isa = PBXBuildFile; fileRef = 83884D3D163F29E800CD785F /* fechoMath.h */; };
		83884D43163F2A9C00CD785F /* Accelerate.framework in Frameworks */ = {isa = PBXBuildFile; fileRef = 83884D42163F2A9C00CD785F /* Accelerate.framework */; };
		83884D75163F2E1000CD785F /* dSFMT.c in Sources */ = {isa = PBXBuildFile; fileRef = 83884D38163F29D300CD785F /* dSFMT.c */; };
/* End PBXBuildFile section */

/* Begin PBXFileReference section */
		834387AE16427614008F578F /* fechoUtil.h */ = {isa = PBXFileReference; lastKnownFileType = sourcecode.c.h; path = fechoUtil.h; sourceTree = "<group>"; };
		83884D25163F296E00CD785F /* libFecho.a */ = {isa = PBXFileReference; explicitFileType = archive.ar; includeInIndex = 0; path = libFecho.a; sourceTree = BUILT_PRODUCTS_DIR; };
		83884D2D163F29D300CD785F /* dSFMT-params.h */ = {isa = PBXFileReference; lastKnownFileType = sourcecode.c.h; path = "dSFMT-params.h"; sourceTree = "<group>"; };
		83884D2E163F29D300CD785F /* dSFMT-params11213.h */ = {isa = PBXFileReference; lastKnownFileType = sourcecode.c.h; path = "dSFMT-params11213.h"; sourceTree = "<group>"; };
		83884D2F163F29D300CD785F /* dSFMT-params1279.h */ = {isa = PBXFileReference; lastKnownFileType = sourcecode.c.h; path = "dSFMT-params1279.h"; sourceTree = "<group>"; };
		83884D30163F29D300CD785F /* dSFMT-params132049.h */ = {isa = PBXFileReference; lastKnownFileType = sourcecode.c.h; path = "dSFMT-params132049.h"; sourceTree = "<group>"; };
		83884D31163F29D300CD785F /* dSFMT-params19937.h */ = {isa = PBXFileReference; lastKnownFileType = sourcecode.c.h; path = "dSFMT-params19937.h"; sourceTree = "<group>"; };
		83884D32163F29D300CD785F /* dSFMT-params216091.h */ = {isa = PBXFileReference; lastKnownFileType = sourcecode.c.h; path = "dSFMT-params216091.h"; sourceTree = "<group>"; };
		83884D33163F29D300CD785F /* dSFMT-params2203.h */ = {isa = PBXFileReference; lastKnownFileType = sourcecode.c.h; path = "dSFMT-params2203.h"; sourceTree = "<group>"; };
		83884D34163F29D300CD785F /* dSFMT-params4253.h */ = {isa = PBXFileReference; lastKnownFileType = sourcecode.c.h; path = "dSFMT-params4253.h"; sourceTree = "<group>"; };
		83884D35163F29D300CD785F /* dSFMT-params44497.h */ = {isa = PBXFileReference; lastKnownFileType = sourcecode.c.h; path = "dSFMT-params44497.h"; sourceTree = "<group>"; };
		83884D36163F29D300CD785F /* dSFMT-params521.h */ = {isa = PBXFileReference; lastKnownFileType = sourcecode.c.h; path = "dSFMT-params521.h"; sourceTree = "<group>"; };
		83884D37163F29D300CD785F /* dSFMT-params86243.h */ = {isa = PBXFileReference; lastKnownFileType = sourcecode.c.h; path = "dSFMT-params86243.h"; sourceTree = "<group>"; };
		83884D38163F29D300CD785F /* dSFMT.c */ = {isa = PBXFileReference; lastKnownFileType = sourcecode.c.c; path = dSFMT.c; sourceTree = "<group>"; };
		83884D39163F29D300CD785F /* dSFMT.h */ = {isa = PBXFileReference; lastKnownFileType = sourcecode.c.h; path = dSFMT.h; sourceTree = "<group>"; };
		83884D3A163F29E800CD785F /* dSFMTRand.h */ = {isa = PBXFileReference; fileEncoding = 4; lastKnownFileType = sourcecode.c.h; path = dSFMTRand.h; sourceTree = "<group>"; };
		83884D3B163F29E800CD785F /* fecho.h */ = {isa = PBXFileReference; fileEncoding = 4; lastKnownFileType = sourcecode.c.h; path = fecho.h; sourceTree = "<group>"; };
		83884D3C163F29E800CD785F /* fechoActivations.h */ = {isa = PBXFileReference; fileEncoding = 4; lastKnownFileType = sourcecode.c.h; path = fechoActivations.h; sourceTree = "<group>"; };
		83884D3D163F29E800CD785F /* fechoMath.h */ = {isa = PBXFileReference; fileEncoding = 4; lastKnownFileType = sourcecode.c.h; path = fechoMath.h; sourceTree = "<group>"; };
		83884D42163F2A9C00CD785F /* Accelerate.framework */ = {isa = PBXFileReference; lastKnownFileType = wrapper.framework; name = Accelerate.framework; path = System/Library/Frameworks/Accelerate.framework; sourceTree = SDKROOT; };
/* End PBXFileReference section */

/* Begin PBXFrameworksBuildPhase section */
		83884D22163F296E00CD785F /* Frameworks */ = {
			isa = PBXFrameworksBuildPhase;
			buildActionMask = 2147483647;
			files = (
				83884D43163F2A9C00CD785F /* Accelerate.framework in Frameworks */,
			);
			runOnlyForDeploymentPostprocessing = 0;
		};
/* End PBXFrameworksBuildPhase section */

/* Begin PBXGroup section */
		83884D1A163F296E00CD785F = {
			isa = PBXGroup;
			children = (
				83884D42163F2A9C00CD785F /* Accelerate.framework */,
				83884D2C163F29D300CD785F /* dSFMT */,
				83884D3A163F29E800CD785F /* dSFMTRand.h */,
				83884D3B163F29E800CD785F /* fecho.h */,
				83884D3C163F29E800CD785F /* fechoActivations.h */,
				83884D3D163F29E800CD785F /* fechoMath.h */,
				834387AE16427614008F578F /* fechoUtil.h */,
				83884D26163F296E00CD785F /* Products */,
			);
			sourceTree = "<group>";
		};
		83884D26163F296E00CD785F /* Products */ = {
			isa = PBXGroup;
			children = (
				83884D25163F296E00CD785F /* libFecho.a */,
			);
			name = Products;
			sourceTree = "<group>";
		};
		83884D2C163F29D300CD785F /* dSFMT */ = {
			isa = PBXGroup;
			children = (
				83884D2D163F29D300CD785F /* dSFMT-params.h */,
				83884D2E163F29D300CD785F /* dSFMT-params11213.h */,
				83884D2F163F29D300CD785F /* dSFMT-params1279.h */,
				83884D30163F29D300CD785F /* dSFMT-params132049.h */,
				83884D31163F29D300CD785F /* dSFMT-params19937.h */,
				83884D32163F29D300CD785F /* dSFMT-params216091.h */,
				83884D33163F29D300CD785F /* dSFMT-params2203.h */,
				83884D34163F29D300CD785F /* dSFMT-params4253.h */,
				83884D35163F29D300CD785F /* dSFMT-params44497.h */,
				83884D36163F29D300CD785F /* dSFMT-params521.h */,
				83884D37163F29D300CD785F /* dSFMT-params86243.h */,
				83884D38163F29D300CD785F /* dSFMT.c */,
				83884D39163F29D300CD785F /* dSFMT.h */,
			);
			path = dSFMT;
			sourceTree = "<group>";
		};
/* End PBXGroup section */

/* Begin PBXHeadersBuildPhase section */
		83884D23163F296E00CD785F /* Headers */ = {
			isa = PBXHeadersBuildPhase;
			buildActionMask = 2147483647;
			files = (
				83884D3E163F29E800CD785F /* dSFMTRand.h in Headers */,
				83884D3F163F29E800CD785F /* fecho.h in Headers */,
				83884D40163F29E800CD785F /* fechoActivations.h in Headers */,
				83884D41163F29E800CD785F /* fechoMath.h in Headers */,
			);
			runOnlyForDeploymentPostprocessing = 0;
		};
/* End PBXHeadersBuildPhase section */

/* Begin PBXNativeTarget section */
		83884D24163F296E00CD785F /* libFecho */ = {
			isa = PBXNativeTarget;
			buildConfigurationList = 83884D29163F296E00CD785F /* Build configuration list for PBXNativeTarget "libFecho" */;
			buildPhases = (
				83884D21163F296E00CD785F /* Sources */,
				83884D22163F296E00CD785F /* Frameworks */,
				83884D23163F296E00CD785F /* Headers */,
			);
			buildRules = (
			);
			dependencies = (
			);
			name = libFecho;
			productName = libFecho;
			productReference = 83884D25163F296E00CD785F /* libFecho.a */;
			productType = "com.apple.product-type.library.static";
		};
/* End PBXNativeTarget section */

/* Begin PBXProject section */
		83884D1C163F296E00CD785F /* Project object */ = {
			isa = PBXProject;
			attributes = {
				LastUpgradeCheck = 0460;
				ORGANIZATIONNAME = "Goldsmiths, University of London. EAVI.";
			};
			buildConfigurationList = 83884D1F163F296E00CD785F /* Build configuration list for PBXProject "libFecho" */;
			compatibilityVersion = "Xcode 3.2";
			developmentRegion = English;
			hasScannedForEncodings = 0;
			knownRegions = (
				en,
			);
			mainGroup = 83884D1A163F296E00CD785F;
			productRefGroup = 83884D26163F296E00CD785F /* Products */;
			projectDirPath = "";
			projectRoot = "";
			targets = (
				83884D24163F296E00CD785F /* libFecho */,
			);
		};
/* End PBXProject section */

/* Begin PBXSourcesBuildPhase section */
		83884D21163F296E00CD785F /* Sources */ = {
			isa = PBXSourcesBuildPhase;
			buildActionMask = 2147483647;
			files = (
				83884D75163F2E1000CD785F /* dSFMT.c in Sources */,
			);
			runOnlyForDeploymentPostprocessing = 0;
		};
/* End PBXSourcesBuildPhase section */

/* Begin XCBuildConfiguration section */
		83884D27163F296E00CD785F /* Debug */ = {
			isa = XCBuildConfiguration;
			buildSettings = {
				ALWAYS_SEARCH_USER_PATHS = NO;
				ARCHS = "$(ARCHS_STANDARD_32_64_BIT)";
				CLANG_WARN_CONSTANT_CONVERSION = YES;
				CLANG_WARN_ENUM_CONVERSION = YES;
				CLANG_WARN_INT_CONVERSION = YES;
				CLANG_WARN__DUPLICATE_METHOD_MATCH = YES;
				COPY_PHASE_STRIP = NO;
				DEBUG_INFORMATION_FORMAT = "dwarf-with-dsym";
				GCC_C_LANGUAGE_STANDARD = gnu99;
				GCC_DYNAMIC_NO_PIC = NO;
				GCC_ENABLE_OBJC_EXCEPTIONS = YES;
				GCC_OPTIMIZATION_LEVEL = 0;
				GCC_PREPROCESSOR_DEFINITIONS = (
					"DEBUG=1",
					"$(inherited)",
				);
				GCC_SYMBOLS_PRIVATE_EXTERN = NO;
				GCC_VERSION = com.apple.compilers.llvm.clang.1_0;
				GCC_WARN_64_TO_32_BIT_CONVERSION = YES;
				GCC_WARN_ABOUT_RETURN_TYPE = YES;
				GCC_WARN_UNINITIALIZED_AUTOS = YES;
				GCC_WARN_UNUSED_VARIABLE = YES;
				MACOSX_DEPLOYMENT_TARGET = 10.7;
				ONLY_ACTIVE_ARCH = YES;
				SDKROOT = macosx;
			};
			name = Debug;
		};
		83884D28163F296E00CD785F /* Release */ = {
			isa = XCBuildConfiguration;
			buildSettings = {
				ALWAYS_SEARCH_USER_PATHS = NO;
				ARCHS = "$(ARCHS_STANDARD_32_64_BIT)";
				CLANG_WARN_CONSTANT_CONVERSION = YES;
				CLANG_WARN_ENUM_CONVERSION = YES;
				CLANG_WARN_INT_CONVERSION = YES;
				CLANG_WARN__DUPLICATE_METHOD_MATCH = YES;
				COPY_PHASE_STRIP = YES;
				DEBUG_INFORMATION_FORMAT = "dwarf-with-dsym";
				GCC_C_LANGUAGE_STANDARD = gnu99;
				GCC_ENABLE_OBJC_EXCEPTIONS = YES;
				GCC_VERSION = com.apple.compilers.llvm.clang.1_0;
				GCC_WARN_64_TO_32_BIT_CONVERSION = YES;
				GCC_WARN_ABOUT_RETURN_TYPE = YES;
				GCC_WARN_UNINITIALIZED_AUTOS = YES;
				GCC_WARN_UNUSED_VARIABLE = YES;
				MACOSX_DEPLOYMENT_TARGET = 10.7;
				SDKROOT = macosx;
			};
			name = Release;
		};
		83884D2A163F296E00CD785F /* Debug */ = {
			isa = XCBuildConfiguration;
			buildSettings = {
				COMBINE_HIDPI_IMAGES = YES;
				EXECUTABLE_PREFIX = "";
				PRODUCT_NAME = "$(TARGET_NAME)";
			};
			name = Debug;
		};
		83884D2B163F296E00CD785F /* Release */ = {
			isa = XCBuildConfiguration;
			buildSettings = {
				COMBINE_HIDPI_IMAGES = YES;
				EXECUTABLE_PREFIX = "";
				PRODUCT_NAME = "$(TARGET_NAME)";
			};
			name = Release;
		};
/* End XCBuildConfiguration section */

/* Begin XCConfigurationList section */
		83884D1F163F296E00CD785F /* Build configuration list for PBXProject "libFecho" */ = {
			isa = XCConfigurationList;
			buildConfigurations = (
				83884D27163F296E00CD785F /* Debug */,
				83884D28163F296E00CD785F /* Release */,
			);
			defaultConfigurationIsVisible = 0;
			defaultConfigurationName = Release;
		};
		83884D29163F296E00CD785F /* Build configuration list for PBXNativeTarget "libFecho" */ = {
			isa = XCConfigurationList;
			buildConfigurations = (
				83884D2A163F296E00CD785F /* Debug */,
				83884D2B163F296E00CD785F /* Release */,
			);
			defaultConfigurationIsVisible = 0;
			defaultConfigurationName = Release;
		};
/* End XCConfigurationList section */
	};
	rootObject = 83884D1C163F296E00CD785F /* Project object */;
}
