// !$*UTF8*$!
{
	archiveVersion = 1;
	classes = {
	};
	objectVersion = 46;
	objects = {

/* Begin PBXBuildFile section */
		83884D57163F2B2500CD785F /* main.cpp in Sources */ = {isa = PBXBuildFile; fileRef = 83884D56163F2B2500CD785F /* main.cpp */; };
		83884D59163F2B2500CD785F /* FechoTest.1 in CopyFiles */ = {isa = PBXBuildFile; fileRef = 83884D58163F2B2500CD785F /* FechoTest.1 */; };
		83884D62163F2C0000CD785F /* Accelerate.framework in Frameworks */ = {isa = PBXBuildFile; fileRef = 83884D61163F2C0000CD785F /* Accelerate.framework */; };
		83D2E155164B137E001238B3 /* libFecho.a in Frameworks */ = {isa = PBXBuildFile; fileRef = 83D2E154164B137E001238B3 /* libFecho.a */; };
/* End PBXBuildFile section */

/* Begin PBXCopyFilesBuildPhase section */
		83884D50163F2B2500CD785F /* CopyFiles */ = {
			isa = PBXCopyFilesBuildPhase;
			buildActionMask = 2147483647;
			dstPath = /usr/share/man/man1/;
			dstSubfolderSpec = 0;
			files = (
				83884D59163F2B2500CD785F /* FechoTest.1 in CopyFiles */,
			);
			runOnlyForDeploymentPostprocessing = 1;
		};
/* End PBXCopyFilesBuildPhase section */

/* Begin PBXFileReference section */
		83884D52163F2B2500CD785F /* FechoTest */ = {isa = PBXFileReference; explicitFileType = "compiled.mach-o.executable"; includeInIndex = 0; path = FechoTest; sourceTree = BUILT_PRODUCTS_DIR; };
		83884D56163F2B2500CD785F /* main.cpp */ = {isa = PBXFileReference; lastKnownFileType = sourcecode.cpp.cpp; path = main.cpp; sourceTree = "<group>"; };
		83884D58163F2B2500CD785F /* FechoTest.1 */ = {isa = PBXFileReference; lastKnownFileType = text.man; path = FechoTest.1; sourceTree = "<group>"; };
		83884D61163F2C0000CD785F /* Accelerate.framework */ = {isa = PBXFileReference; lastKnownFileType = wrapper.framework; name = Accelerate.framework; path = System/Library/Frameworks/Accelerate.framework; sourceTree = SDKROOT; };
		83D2E154164B137E001238B3 /* libFecho.a */ = {isa = PBXFileReference; lastKnownFileType = archive.ar; name = libFecho.a; path = "../../../Library/Developer/Xcode/DerivedData/Fecho-dzwxrvtghesljdfdqtjhxqchuqhv/Build/Products/Debug/libFecho.a"; sourceTree = "<group>"; };
/* End PBXFileReference section */

/* Begin PBXFrameworksBuildPhase section */
		83884D4F163F2B2500CD785F /* Frameworks */ = {
			isa = PBXFrameworksBuildPhase;
			buildActionMask = 2147483647;
			files = (
				83D2E155164B137E001238B3 /* libFecho.a in Frameworks */,
				83884D62163F2C0000CD785F /* Accelerate.framework in Frameworks */,
			);
			runOnlyForDeploymentPostprocessing = 0;
		};
/* End PBXFrameworksBuildPhase section */

/* Begin PBXGroup section */
		83884D47163F2B2500CD785F = {
			isa = PBXGroup;
			children = (
				83D2E154164B137E001238B3 /* libFecho.a */,
				83884D61163F2C0000CD785F /* Accelerate.framework */,
				83884D55163F2B2500CD785F /* FechoTest */,
				83884D53163F2B2500CD785F /* Products */,
			);
			sourceTree = "<group>";
		};
		83884D53163F2B2500CD785F /* Products */ = {
			isa = PBXGroup;
			children = (
				83884D52163F2B2500CD785F /* FechoTest */,
			);
			name = Products;
			sourceTree = "<group>";
		};
		83884D55163F2B2500CD785F /* FechoTest */ = {
			isa = PBXGroup;
			children = (
				83884D56163F2B2500CD785F /* main.cpp */,
				83884D58163F2B2500CD785F /* FechoTest.1 */,
			);
			path = FechoTest;
			sourceTree = "<group>";
		};
/* End PBXGroup section */

/* Begin PBXNativeTarget section */
		83884D51163F2B2500CD785F /* FechoTest */ = {
			isa = PBXNativeTarget;
			buildConfigurationList = 83884D5C163F2B2500CD785F /* Build configuration list for PBXNativeTarget "FechoTest" */;
			buildPhases = (
				83884D4E163F2B2500CD785F /* Sources */,
				83884D4F163F2B2500CD785F /* Frameworks */,
				83884D50163F2B2500CD785F /* CopyFiles */,
			);
			buildRules = (
			);
			dependencies = (
			);
			name = FechoTest;
			productName = FechoTest;
			productReference = 83884D52163F2B2500CD785F /* FechoTest */;
			productType = "com.apple.product-type.tool";
		};
/* End PBXNativeTarget section */

/* Begin PBXProject section */
		83884D49163F2B2500CD785F /* Project object */ = {
			isa = PBXProject;
			attributes = {
				LastUpgradeCheck = 0430;
				ORGANIZATIONNAME = "Goldsmiths, University of London. EAVI.";
			};
			buildConfigurationList = 83884D4C163F2B2500CD785F /* Build configuration list for PBXProject "FechoTest" */;
			compatibilityVersion = "Xcode 3.2";
			developmentRegion = English;
			hasScannedForEncodings = 0;
			knownRegions = (
				en,
			);
			mainGroup = 83884D47163F2B2500CD785F;
			productRefGroup = 83884D53163F2B2500CD785F /* Products */;
			projectDirPath = "";
			projectRoot = "";
			targets = (
				83884D51163F2B2500CD785F /* FechoTest */,
			);
		};
/* End PBXProject section */

/* Begin PBXSourcesBuildPhase section */
		83884D4E163F2B2500CD785F /* Sources */ = {
			isa = PBXSourcesBuildPhase;
			buildActionMask = 2147483647;
			files = (
				83884D57163F2B2500CD785F /* main.cpp in Sources */,
			);
			runOnlyForDeploymentPostprocessing = 0;
		};
/* End PBXSourcesBuildPhase section */

/* Begin XCBuildConfiguration section */
		83884D5A163F2B2500CD785F /* Debug */ = {
			isa = XCBuildConfiguration;
			buildSettings = {
				ALWAYS_SEARCH_USER_PATHS = NO;
				ARCHS = "$(ARCHS_STANDARD_64_BIT)";
				COPY_PHASE_STRIP = NO;
				GCC_C_LANGUAGE_STANDARD = gnu99;
				GCC_DYNAMIC_NO_PIC = NO;
				GCC_ENABLE_OBJC_EXCEPTIONS = YES;
				GCC_OPTIMIZATION_LEVEL = 0;
				GCC_PREPROCESSOR_DEFINITIONS = (
					"DEBUG=1",
					"$(inherited)",
				);
				GCC_SYMBOLS_PRIVATE_EXTERN = NO;
				GCC_VERSION = com.apple.compilers.llvm.clang.1_0;
				GCC_WARN_64_TO_32_BIT_CONVERSION = YES;
				GCC_WARN_ABOUT_RETURN_TYPE = YES;
				GCC_WARN_UNINITIALIZED_AUTOS = YES;
				GCC_WARN_UNUSED_VARIABLE = YES;
				HEADER_SEARCH_PATHS = "\"$(SRCROOT)/../libFecho\"";
				MACOSX_DEPLOYMENT_TARGET = 10.7;
				ONLY_ACTIVE_ARCH = YES;
				SDKROOT = macosx;
			};
			name = Debug;
		};
		83884D5B163F2B2500CD785F /* Release */ = {
			isa = XCBuildConfiguration;
			buildSettings = {
				ALWAYS_SEARCH_USER_PATHS = NO;
				ARCHS = "$(ARCHS_STANDARD_64_BIT)";
				COPY_PHASE_STRIP = YES;
				DEBUG_INFORMATION_FORMAT = "dwarf-with-dsym";
				GCC_C_LANGUAGE_STANDARD = gnu99;
				GCC_ENABLE_OBJC_EXCEPTIONS = YES;
				GCC_VERSION = com.apple.compilers.llvm.clang.1_0;
				GCC_WARN_64_TO_32_BIT_CONVERSION = YES;
				GCC_WARN_ABOUT_RETURN_TYPE = YES;
				GCC_WARN_UNINITIALIZED_AUTOS = YES;
				GCC_WARN_UNUSED_VARIABLE = YES;
				HEADER_SEARCH_PATHS = "\"$(SRCROOT)/../libFecho\"";
				MACOSX_DEPLOYMENT_TARGET = 10.7;
				SDKROOT = macosx;
			};
			name = Release;
		};
		83884D5D163F2B2500CD785F /* Debug */ = {
			isa = XCBuildConfiguration;
			buildSettings = {
				LIBRARY_SEARCH_PATHS = (
					"$(inherited)",
					"\"$(SRCROOT)/../../../Library/Developer/Xcode/DerivedData/Fecho-dzwxrvtghesljdfdqtjhxqchuqhv/Build/Products/Debug\"",
				);
				PRODUCT_NAME = "$(TARGET_NAME)";
			};
			name = Debug;
		};
		83884D5E163F2B2500CD785F /* Release */ = {
			isa = XCBuildConfiguration;
			buildSettings = {
				LIBRARY_SEARCH_PATHS = (
					"$(inherited)",
					"\"$(SRCROOT)/../../../Library/Developer/Xcode/DerivedData/Fecho-dzwxrvtghesljdfdqtjhxqchuqhv/Build/Products/Debug\"",
				);
				PRODUCT_NAME = "$(TARGET_NAME)";
			};
			name = Release;
		};
/* End XCBuildConfiguration section */

/* Begin XCConfigurationList section */
		83884D4C163F2B2500CD785F /* Build configuration list for PBXProject "FechoTest" */ = {
			isa = XCConfigurationList;
			buildConfigurations = (
				83884D5A163F2B2500CD785F /* Debug */,
				83884D5B163F2B2500CD785F /* Release */,
			);
			defaultConfigurationIsVisible = 0;
			defaultConfigurationName = Release;
		};
		83884D5C163F2B2500CD785F /* Build configuration list for PBXNativeTarget "FechoTest" */ = {
			isa = XCConfigurationList;
			buildConfigurations = (
				83884D5D163F2B2500CD785F /* Debug */,
				83884D5E163F2B2500CD785F /* Release */,
			);
			defaultConfigurationIsVisible = 0;
			defaultConfigurationName = Release;
		};
/* End XCConfigurationList section */
	};
	rootObject = 83884D49163F2B2500CD785F /* Project object */;
}
